
Microsoft Visual Studio Solution File, Format Version 12.00
# Visual Studio 15
VisualStudioVersion = 15.0.27130.2010
MinimumVisualStudioVersion = 10.0.40219.1
Project("{FAE04EC0-301F-11D3-BF4B-00C04F79EFBC}") = "S1A2DaianaArantesP1", "A2DaianaArantesP1\S1A2DaianaArantesP1.csproj", "{074EEF79-2EB9-424E-84E1-B85CADB900DA}"
EndProject
Global
	GlobalSection(SolutionConfigurationPlatforms) = preSolution
		Debug|Any CPU = Debug|Any CPU
		Release|Any CPU = Release|Any CPU
	EndGlobalSection
	GlobalSection(ProjectConfigurationPlatforms) = postSolution
		{074EEF79-2EB9-424E-84E1-B85CADB900DA}.Debug|Any CPU.ActiveCfg = Debug|Any CPU
		{074EEF79-2EB9-424E-84E1-B85CADB900DA}.Debug|Any CPU.Build.0 = Debug|Any CPU
		{074EEF79-2EB9-424E-84E1-B85CADB900DA}.Release|Any CPU.ActiveCfg = Release|Any CPU
		{074EEF79-2EB9-424E-84E1-B85CADB900DA}.Release|Any CPU.Build.0 = Release|Any CPU
	EndGlobalSection
	GlobalSection(SolutionProperties) = preSolution
		HideSolutionNode = FALSE
	EndGlobalSection
	GlobalSection(ExtensibilityGlobals) = postSolution
		SolutionGuid = {8625E64F-C1C6-441D-95BE-832A670F2E59}
	EndGlobalSection
EndGlobal
